
Microsoft Visual Studio Solution File, Format Version 12.00
# Visual Studio Version 17
VisualStudioVersion = 17.14.37216.2
MinimumVisualStudioVersion = 10.0.40219.1
Project("{FAE04EC0-301F-11D3-BF4B-00C04F79EFBC}") = "WebApi", "WebApi\WebApi.csproj", "{CE925BC0-FA8C-4C73-BE0E-C25A005FB42C}"
EndProject
Global
	GlobalSection(SolutionConfigurationPlatforms) = preSolution
		Debug|Any CPU = Debug|Any CPU
		Release|Any CPU = Release|Any CPU
	EndGlobalSection
	GlobalSection(ProjectConfigurationPlatforms) = postSolution
		{CE925BC0-FA8C-4C73-BE0E-C25A005FB42C}.Debug|Any CPU.ActiveCfg = Debug|Any CPU
		{CE925BC0-FA8C-4C73-BE0E-C25A005FB42C}.Debug|Any CPU.Build.0 = Debug|Any CPU
		{CE925BC0-FA8C-4C73-BE0E-C25A005FB42C}.Release|Any CPU.ActiveCfg = Release|Any CPU
		{CE925BC0-FA8C-4C73-BE0E-C25A005FB42C}.Release|Any CPU.Build.0 = Release|Any CPU
	EndGlobalSection
	GlobalSection(SolutionProperties) = preSolution
		HideSolutionNode = FALSE
	EndGlobalSection
	GlobalSection(ExtensibilityGlobals) = postSolution
		SolutionGuid = {16983B2B-830F-48B8-8797-AB06B3EBA8B1}
	EndGlobalSection
EndGlobal
