
Microsoft Visual Studio Solution File, Format Version 12.00
# Visual Studio Version 17
VisualStudioVersion = 17.14.37216.2
MinimumVisualStudioVersion = 10.0.40219.1
Project("{FAE04EC0-301F-11D3-BF4B-00C04F79EFBC}") = "WebApi", "WebApi\WebApi.csproj", "{CE925BC0-FA8C-4C73-BE0E-C25A005FB42C}"
EndProject
Project("{FAE04EC0-301F-11D3-BF4B-00C04F79EFBC}") = "Data", "Data\Data.csproj", "{2F8482C6-1934-49A8-AC8A-EB1D7D1CA0F3}"
EndProject
Project("{FAE04EC0-301F-11D3-BF4B-00C04F79EFBC}") = "Kicket.Contracts", "Kicket.Contracts\Kicket.Contracts.csproj", "{FB15469C-97D8-43CE-803D-E859007E4AF5}"
EndProject
Project("{FAE04EC0-301F-11D3-BF4B-00C04F79EFBC}") = "Kicket.ApiClient", "Kicket.ApiClient\Kicket.ApiClient.csproj", "{B535777F-7E1E-49F9-830A-EDB0CEA6607B}"
EndProject
Global
	GlobalSection(SolutionConfigurationPlatforms) = preSolution
		Debug|Any CPU = Debug|Any CPU
		Debug|x64 = Debug|x64
		Debug|x86 = Debug|x86
		Release|Any CPU = Release|Any CPU
		Release|x64 = Release|x64
		Release|x86 = Release|x86
	EndGlobalSection
	GlobalSection(ProjectConfigurationPlatforms) = postSolution
		{CE925BC0-FA8C-4C73-BE0E-C25A005FB42C}.Debug|Any CPU.ActiveCfg = Debug|Any CPU
		{CE925BC0-FA8C-4C73-BE0E-C25A005FB42C}.Debug|Any CPU.Build.0 = Debug|Any CPU
		{CE925BC0-FA8C-4C73-BE0E-C25A005FB42C}.Debug|x64.ActiveCfg = Debug|Any CPU
		{CE925BC0-FA8C-4C73-BE0E-C25A005FB42C}.Debug|x64.Build.0 = Debug|Any CPU
		{CE925BC0-FA8C-4C73-BE0E-C25A005FB42C}.Debug|x86.ActiveCfg = Debug|Any CPU
		{CE925BC0-FA8C-4C73-BE0E-C25A005FB42C}.Debug|x86.Build.0 = Debug|Any CPU
		{CE925BC0-FA8C-4C73-BE0E-C25A005FB42C}.Release|Any CPU.ActiveCfg = Release|Any CPU
		{CE925BC0-FA8C-4C73-BE0E-C25A005FB42C}.Release|Any CPU.Build.0 = Release|Any CPU
		{CE925BC0-FA8C-4C73-BE0E-C25A005FB42C}.Release|x64.ActiveCfg = Release|Any CPU
		{CE925BC0-FA8C-4C73-BE0E-C25A005FB42C}.Release|x64.Build.0 = Release|Any CPU
		{CE925BC0-FA8C-4C73-BE0E-C25A005FB42C}.Release|x86.ActiveCfg = Release|Any CPU
		{CE925BC0-FA8C-4C73-BE0E-C25A005FB42C}.Release|x86.Build.0 = Release|Any CPU
		{2F8482C6-1934-49A8-AC8A-EB1D7D1CA0F3}.Debug|Any CPU.ActiveCfg = Debug|Any CPU
		{2F8482C6-1934-49A8-AC8A-EB1D7D1CA0F3}.Debug|Any CPU.Build.0 = Debug|Any CPU
		{2F8482C6-1934-49A8-AC8A-EB1D7D1CA0F3}.Debug|x64.ActiveCfg = Debug|Any CPU
		{2F8482C6-1934-49A8-AC8A-EB1D7D1CA0F3}.Debug|x64.Build.0 = Debug|Any CPU
		{2F8482C6-1934-49A8-AC8A-EB1D7D1CA0F3}.Debug|x86.ActiveCfg = Debug|Any CPU
		{2F8482C6-1934-49A8-AC8A-EB1D7D1CA0F3}.Debug|x86.Build.0 = Debug|Any CPU
		{2F8482C6-1934-49A8-AC8A-EB1D7D1CA0F3}.Release|Any CPU.ActiveCfg = Release|Any CPU
		{2F8482C6-1934-49A8-AC8A-EB1D7D1CA0F3}.Release|Any CPU.Build.0 = Release|Any CPU
		{2F8482C6-1934-49A8-AC8A-EB1D7D1CA0F3}.Release|x64.ActiveCfg = Release|Any CPU
		{2F8482C6-1934-49A8-AC8A-EB1D7D1CA0F3}.Release|x64.Build.0 = Release|Any CPU
		{2F8482C6-1934-49A8-AC8A-EB1D7D1CA0F3}.Release|x86.ActiveCfg = Release|Any CPU
		{2F8482C6-1934-49A8-AC8A-EB1D7D1CA0F3}.Release|x86.Build.0 = Release|Any CPU
		{FB15469C-97D8-43CE-803D-E859007E4AF5}.Debug|Any CPU.ActiveCfg = Debug|Any CPU
		{FB15469C-97D8-43CE-803D-E859007E4AF5}.Debug|Any CPU.Build.0 = Debug|Any CPU
		{FB15469C-97D8-43CE-803D-E859007E4AF5}.Debug|x64.ActiveCfg = Debug|Any CPU
		{FB15469C-97D8-43CE-803D-E859007E4AF5}.Debug|x64.Build.0 = Debug|Any CPU
		{FB15469C-97D8-43CE-803D-E859007E4AF5}.Debug|x86.ActiveCfg = Debug|Any CPU
		{FB15469C-97D8-43CE-803D-E859007E4AF5}.Debug|x86.Build.0 = Debug|Any CPU
		{FB15469C-97D8-43CE-803D-E859007E4AF5}.Release|Any CPU.ActiveCfg = Release|Any CPU
		{FB15469C-97D8-43CE-803D-E859007E4AF5}.Release|Any CPU.Build.0 = Release|Any CPU
		{FB15469C-97D8-43CE-803D-E859007E4AF5}.Release|x64.ActiveCfg = Release|Any CPU
		{FB15469C-97D8-43CE-803D-E859007E4AF5}.Release|x64.Build.0 = Release|Any CPU
		{FB15469C-97D8-43CE-803D-E859007E4AF5}.Release|x86.ActiveCfg = Release|Any CPU
		{FB15469C-97D8-43CE-803D-E859007E4AF5}.Release|x86.Build.0 = Release|Any CPU
		{B535777F-7E1E-49F9-830A-EDB0CEA6607B}.Debug|Any CPU.ActiveCfg = Debug|Any CPU
		{B535777F-7E1E-49F9-830A-EDB0CEA6607B}.Debug|Any CPU.Build.0 = Debug|Any CPU
		{B535777F-7E1E-49F9-830A-EDB0CEA6607B}.Debug|x64.ActiveCfg = Debug|Any CPU
		{B535777F-7E1E-49F9-830A-EDB0CEA6607B}.Debug|x64.Build.0 = Debug|Any CPU
		{B535777F-7E1E-49F9-830A-EDB0CEA6607B}.Debug|x86.ActiveCfg = Debug|Any CPU
		{B535777F-7E1E-49F9-830A-EDB0CEA6607B}.Debug|x86.Build.0 = Debug|Any CPU
		{B535777F-7E1E-49F9-830A-EDB0CEA6607B}.Release|Any CPU.ActiveCfg = Release|Any CPU
		{B535777F-7E1E-49F9-830A-EDB0CEA6607B}.Release|Any CPU.Build.0 = Release|Any CPU
		{B535777F-7E1E-49F9-830A-EDB0CEA6607B}.Release|x64.ActiveCfg = Release|Any CPU
		{B535777F-7E1E-49F9-830A-EDB0CEA6607B}.Release|x64.Build.0 = Release|Any CPU
		{B535777F-7E1E-49F9-830A-EDB0CEA6607B}.Release|x86.ActiveCfg = Release|Any CPU
		{B535777F-7E1E-49F9-830A-EDB0CEA6607B}.Release|x86.Build.0 = Release|Any CPU
	EndGlobalSection
	GlobalSection(SolutionProperties) = preSolution
		HideSolutionNode = FALSE
	EndGlobalSection
	GlobalSection(ExtensibilityGlobals) = postSolution
		SolutionGuid = {16983B2B-830F-48B8-8797-AB06B3EBA8B1}
	EndGlobalSection
EndGlobal
